{
  "clangVersion": "",
  "gccVersion": "",
  "hostCPU": "arm64",
  "hostOS": "macosx",
  "items": {
    "asynctest": {
      "commit": "fe1a34caf572b05f8bdba3b650f1871af9fce31e",
      "dir": "vendor/asynctest",
      "url": "https://github.com/codex-storage/asynctest"
    },
    "dnsclient.nim": {
      "commit": "23214235d4784d24aceed99bbfe153379ea557c8",
      "dir": "vendor/dnsclient.nim",
      "url": "https://github.com/ba0f3/dnsclient.nim"
    },
    "lrucache.nim": {
      "commit": "8767ade0b76ea5b5d4ce24a52d0c58a6ebeb66cd",
      "dir": "vendor/lrucache.nim",
      "url": "https://github.com/status-im/lrucache.nim"
    },
    "nim-bearssl": {
      "commit": "99fcb3405c55b27cfffbf60f5368c55da7346f23",
      "dir": "vendor/nim-bearssl",
      "url": "https://github.com/status-im/nim-bearssl"
    },
    "nim-blscurve": {
      "commit": "48d8668c5a9a350d3a7ee0c3713ef9a11980a40d",
      "dir": "vendor/nim-blscurve",
      "url": "https://github.com/status-im/nim-blscurve"
    },
    "nim-chronicles": {
      "commit": "c9c8e58ec3f89b655a046c485f622f9021c68b61",
      "dir": "vendor/nim-chronicles",
      "url": "https://github.com/status-im/nim-chronicles"
    },
    "nim-chronos": {
      "commit": "0277b65be2c7a365ac13df002fba6e172be55537",
      "dir": "vendor/nim-chronos",
      "url": "https://github.com/status-im/nim-chronos"
    },
    "nim-confutils": {
      "commit": "2028b41602b3abf7c9bf450744efde7b296707a2",
      "dir": "vendor/nim-confutils",
      "url": "https://github.com/status-im/nim-confutils"
    },
    "nim-contract-abi": {
      "commit": "61f8f59b3917d8e27c6eb4330a6d8cf428e98b2d",
      "dir": "vendor/nim-contract-abi",
      "url": "https://github.com/status-im/nim-contract-abi"
    },
    "nim-datastore": {
      "commit": "0cde8aeb67c59fd0ac95496dc6b5e1168d6632aa",
      "dir": "vendor/nim-datastore",
      "url": "https://github.com/codex-storage/nim-datastore"
    },
    "nim-faststreams": {
      "commit": "720fc5e5c8e428d9d0af618e1e27c44b42350309",
      "dir": "vendor/nim-faststreams",
      "url": "https://github.com/status-im/nim-faststreams"
    },
    "nim-http-utils": {
      "commit": "3b491a40c60aad9e8d3407443f46f62511e63b18",
      "dir": "vendor/nim-http-utils",
      "url": "https://github.com/status-im/nim-http-utils"
    },
    "nim-json-rpc": {
      "commit": "0bf2bcbe74a18a3c7a709d57108bb7b51e748a92",
      "dir": "vendor/nim-json-rpc",
      "url": "https://github.com/status-im/nim-json-rpc"
    },
    "nim-json-serialization": {
      "commit": "bb53d49caf2a6c6cf1df365ba84af93cdcfa7aa3",
      "dir": "vendor/nim-json-serialization",
      "url": "https://github.com/status-im/nim-json-serialization"
    },
    "nim-leopard": {
      "commit": "1a6f2ab7252426a6ac01482a68b75d0c3b134cf0",
      "dir": "vendor/nim-leopard",
      "url": "https://github.com/status-im/nim-leopard"
    },
    "nim-libbacktrace": {
      "commit": "b29c22ba0ef13de50b779c776830dbea1d50cd33",
      "dir": "vendor/nim-libbacktrace",
      "url": "https://github.com/status-im/nim-libbacktrace"
    },
    "nim-libp2p": {
      "commit": "440461b24b9e66542b34d26a0b908c17f6549d05",
      "dir": "vendor/nim-libp2p",
      "url": "https://github.com/status-im/nim-libp2p"
    },
    "nim-libp2p-dht": {
      "commit": "fdd02450aa6979add7dabd29a3ba0f8738bf89f8",
      "dir": "vendor/nim-libp2p-dht",
      "url": "https://github.com/status-im/nim-libp2p-dht"
    },
    "nim-metrics": {
      "commit": "6142e433fc8ea9b73379770a788017ac528d46ff",
      "dir": "vendor/nim-metrics",
      "url": "https://github.com/status-im/nim-metrics"
    },
    "nim-nat-traversal": {
      "commit": "27d314d65c9078924b3239fe4e2f5af0c512b28c",
      "dir": "vendor/nim-nat-traversal",
      "url": "https://github.com/status-im/nim-nat-traversal"
    },
    "nim-nitro": {
      "commit": "6b4c455bf4dad7449c1580055733a1738fcd5aec",
      "dir": "vendor/nim-nitro",
      "url": "https://github.com/status-im/nim-nitro"
    },
    "nim-presto": {
      "commit": "3984431dc0fc829eb668e12e57e90542b041d298",
      "dir": "vendor/nim-presto",
      "url": "https://github.com/status-im/nim-presto"
    },
    "nim-protobuf-serialization": {
      "commit": "28214b3e40c755a9886d2ec8f261ec48fbb6bec6",
      "dir": "vendor/nim-protobuf-serialization",
      "url": "https://github.com/status-im/nim-protobuf-serialization"
    },
    "nim-results": {
      "commit": "f3c666a272c69d70cb41e7245e7f6844797303ad",
      "dir": "vendor/nim-results",
      "url": "https://github.com/arnetheduck/nim-results"
    },
    "nim-secp256k1": {
      "commit": "2acbbdcc0e63002a013fff49f015708522875832",
      "dir": "vendor/nim-secp256k1",
      "url": "https://github.com/status-im/nim-secp256k1"
    },
    "nim-serialization": {
      "commit": "384eb2561ee755446cff512a8e057325848b86a7",
      "dir": "vendor/nim-serialization",
      "url": "https://github.com/status-im/nim-serialization"
    },
    "nim-sqlite3-abi": {
      "commit": "362e1bd9f689ad9f5380d9d27f0705b3d4dfc7d3",
      "dir": "vendor/nim-sqlite3-abi",
      "url": "https://github.com/arnetheduck/nim-sqlite3-abi"
    },
    "nim-stew": {
      "commit": "7afe7e3c070758cac1f628e4330109f3ef6fc853",
      "dir": "vendor/nim-stew",
      "url": "https://github.com/status-im/nim-stew"
    },
    "nim-taskpools": {
      "commit": "b3673c7a7a959ccacb393bd9b47e997bbd177f5a",
      "dir": "vendor/nim-taskpools",
      "url": "https://github.com/status-im/nim-taskpools"
    },
    "nim-testutils": {
      "commit": "b56a5953e37fc5117bd6ea6dfa18418c5e112815",
      "dir": "vendor/nim-testutils",
      "url": "https://github.com/status-im/nim-testutils"
    },
    "nim-toml-serialization": {
      "commit": "86d477136f105f04bfd0dd7c0e939593d81fc581",
      "dir": "vendor/nim-toml-serialization",
      "url": "https://github.com/status-im/nim-toml-serialization"
    },
    "nim-unittest2": {
      "commit": "b178f47527074964f76c395ad0dfc81cf118f379",
      "dir": "vendor/nim-unittest2",
      "url": "https://github.com/status-im/nim-unittest2"
    },
    "nim-websock": {
      "commit": "2c3ae3137f3c9cb48134285bd4a47186fa51f0e8",
      "dir": "vendor/nim-websock",
      "url": "https://github.com/status-im/nim-websock"
    },
    "nim-zlib": {
      "commit": "f34ca261efd90f118dc1647beefd2f7a69b05d93",
      "dir": "vendor/nim-zlib",
      "url": "https://github.com/status-im/nim-zlib"
    },
    "nim-stint": {
      "dir": "vendor/stint",
      "url": "https://github.com/status-im/nim-stint",
      "commit": "86621eced1dcfb5e25903019ebcfc76ed9128ec5"
    },
    "nimcrypto": {
      "commit": "24e006df85927f64916e60511620583b11403178",
      "dir": "vendor/nimcrypto",
      "url": "https://github.com/status-im/nimcrypto"
    },
    "npeg": {
      "commit": "b15a10e388b91b898c581dbbcb6a718d46b27d2f",
      "dir": "vendor/npeg",
      "url": "https://github.com/zevv/npeg"
    },
    "questionable": {
      "commit": "47692e0d923ada8f7f731275b2a87614c0150987",
      "dir": "vendor/questionable",
      "url": "https://github.com/codex-storage/questionable"
    },
    "upraises": {
      "commit": "ff4f8108e44fba9b35cac535ab63d3927e8fd3c2",
      "dir": "vendor/upraises",
      "url": "https://github.com/markspanbroek/upraises"
    }
  },
  "nimVersion": "1.6.14",
  "nimbleFile": {
    "content": "# Package\n\nversion       = \"0.3.2\"\nauthor        = \"Status Research & Development GmbH\"\ndescription   = \"DHT based on the libp2p Kademlia spec\"\nlicense       = \"MIT\"\nskipDirs      = @[\"tests\"]\n\n\n# Dependencies\nrequires \"nim >= 1.2.0\"\nrequires \"secp256k1#2acbbdcc0e63002a013fff49f015708522875832\" # >= 0.5.2 & < 0.6.0\nrequires \"protobuf_serialization\" # >= 0.2.0 & < 0.3.0\nrequires \"nimcrypto == 0.5.4\"\nrequires \"bearssl#head\"\nrequires \"chronicles >= 0.10.2 & < 0.11.0\"\nrequires \"chronos == 3.2.0\" #  >= 3.0.11 & < 3.1.0\nrequires \"libp2p#unstable\"\nrequires \"metrics\"\nrequires \"stew#head\"\nrequires \"stint\"\nrequires \"asynctest >= 0.3.1 & < 0.4.0\"\nrequires \"https://github.com/codex-storage/nim-datastore#head\"\nrequires \"questionable\"\n\ninclude \"build.nims\"\n\n",
    "filename": ""
  },
  "nimcfg": "############# begin Atlas config section ##########\n--noNimblePath\n--path:\"vendor/nim-secp256k1\"\n--path:\"vendor/nim-protobuf-serialization\"\n--path:\"vendor/nimcrypto\"\n--path:\"vendor/nim-bearssl\"\n--path:\"vendor/nim-chronicles\"\n--path:\"vendor/nim-chronos\"\n--path:\"vendor/nim-libp2p\"\n--path:\"vendor/nim-metrics\"\n--path:\"vendor/nim-stew\"\n--path:\"vendor/nim-stint\"\n--path:\"vendor/asynctest\"\n--path:\"vendor/nim-datastore\"\n--path:\"vendor/questionable\"\n--path:\"vendor/nim-faststreams\"\n--path:\"vendor/nim-serialization\"\n--path:\"vendor/npeg/src\"\n--path:\"vendor/nim-unittest2\"\n--path:\"vendor/nim-testutils\"\n--path:\"vendor/nim-json-serialization\"\n--path:\"vendor/nim-http-utils\"\n--path:\"vendor/dnsclient.nim/src\"\n--path:\"vendor/nim-websock\"\n--path:\"vendor/nim-results\"\n--path:\"vendor/nim-sqlite3-abi\"\n--path:\"vendor/upraises\"\n--path:\"vendor/nim-zlib\"\n############# end Atlas config section   ##########\n"
}
