{
  "clangVersion": "",
  "gccVersion": "",
  "hostCPU": "arm64",
  "hostOS": "macosx",
  "items": {
    "asynctest": {
      "commit": "a236a5f0f3031573ac2cb082b63dbf6e170e06e7",
      "dir": "vendor/asynctest",
      "url": "https://github.com/status-im/asynctest"
    },
    "dnsclient.nim": {
      "commit": "fbb76f8af8a33ab818184a7d4406d9fee20993be",
      "dir": "vendor/dnsclient.nim",
      "url": "https://github.com/ba0f3/dnsclient.nim"
    },
    "lrucache.nim": {
      "commit": "8767ade0b76ea5b5d4ce24a52d0c58a6ebeb66cd",
      "dir": "vendor/lrucache.nim",
      "url": "https://github.com/status-im/lrucache.nim"
    },
    "nim-bearssl": {
      "commit": "f4c4233de453cb7eac0ce3f3ffad6496295f83ab",
      "dir": "vendor/nim-bearssl",
      "url": "https://github.com/status-im/nim-bearssl"
    },
    "nim-blscurve": {
      "commit": "48d8668c5a9a350d3a7ee0c3713ef9a11980a40d",
      "dir": "vendor/nim-blscurve",
      "url": "https://github.com/status-im/nim-blscurve"
    },
    "nim-chronicles": {
      "commit": "7631f7b2ee03398cb1512a79923264e8f9410af6",
      "dir": "vendor/nim-chronicles",
      "url": "https://github.com/status-im/nim-chronicles"
    },
    "nim-chronos": {
      "commit": "6525f4ce1d1a7eba146e5f1a53f6f105077ae686",
      "dir": "vendor/nim-chronos",
      "url": "https://github.com/status-im/nim-chronos"
    },
    "nim-confutils": {
      "commit": "2028b41602b3abf7c9bf450744efde7b296707a2",
      "dir": "vendor/nim-confutils",
      "url": "https://github.com/status-im/nim-confutils"
    },
    "nim-contract-abi": {
      "commit": "61f8f59b3917d8e27c6eb4330a6d8cf428e98b2d",
      "dir": "vendor/nim-contract-abi",
      "url": "https://github.com/status-im/nim-contract-abi"
    },
    "nim-datastore": {
      "commit": "0cde8aeb67c59fd0ac95496dc6b5e1168d6632aa",
      "dir": "vendor/nim-datastore",
      "url": "https://github.com/status-im/nim-datastore"
    },
    "nim-eth": {
      "commit": "5885f638e47b8607683ef9e1e77fc21ce1aede44",
      "dir": "vendor/nim-eth",
      "url": "https://github.com/status-im/nim-eth"
    },
    "nim-ethers": {
      "commit": "9f4f762e21b433aa31549964d723f47d45da7990",
      "dir": "vendor/nim-ethers",
      "url": "https://github.com/status-im/nim-ethers"
    },
    "nim-faststreams": {
      "commit": "1b561a9e71b6bdad1c1cdff753418906037e9d09",
      "dir": "vendor/nim-faststreams",
      "url": "https://github.com/status-im/nim-faststreams"
    },
    "nim-http-utils": {
      "commit": "e88e231dfcef4585fe3b2fbd9b664dbd28a88040",
      "dir": "vendor/nim-http-utils",
      "url": "https://github.com/status-im/nim-http-utils"
    },
    "nim-json-rpc": {
      "commit": "0bf2bcbe74a18a3c7a709d57108bb7b51e748a92",
      "dir": "vendor/nim-json-rpc",
      "url": "https://github.com/status-im/nim-json-rpc"
    },
    "nim-json-serialization": {
      "commit": "e5b18fb710c3d0167ec79f3b892f5a7a1bc6d1a4",
      "dir": "vendor/nim-json-serialization",
      "url": "https://github.com/status-im/nim-json-serialization"
    },
    "nim-leopard": {
      "commit": "1a6f2ab7252426a6ac01482a68b75d0c3b134cf0",
      "dir": "vendor/nim-leopard",
      "url": "https://github.com/status-im/nim-leopard"
    },
    "nim-libbacktrace": {
      "commit": "b29c22ba0ef13de50b779c776830dbea1d50cd33",
      "dir": "vendor/nim-libbacktrace",
      "url": "https://github.com/status-im/nim-libbacktrace"
    },
    "nim-libp2p": {
      "commit": "8c2eca18dcc538c57a8fbc0c53fd0b9d24d56cff",
      "dir": "vendor/nim-libp2p",
      "url": "https://github.com/status-im/nim-libp2p"
    },
    "nim-libp2p-dht": {
      "commit": "bd517f0e8da38a1b5da15f7deb2d5c652ca389f1",
      "dir": "vendor/nim-libp2p-dht",
      "url": "https://github.com/status-im/nim-libp2p-dht"
    },
    "nim-metrics": {
      "commit": "743f81d4f6c6ebf0ac02389f2392ff8b4235bee5",
      "dir": "vendor/nim-metrics",
      "url": "https://github.com/status-im/nim-metrics"
    },
    "nim-nat-traversal": {
      "commit": "27d314d65c9078924b3239fe4e2f5af0c512b28c",
      "dir": "vendor/nim-nat-traversal",
      "url": "https://github.com/status-im/nim-nat-traversal"
    },
    "nim-nitro": {
      "commit": "6b4c455bf4dad7449c1580055733a1738fcd5aec",
      "dir": "vendor/nim-nitro",
      "url": "https://github.com/status-im/nim-nitro"
    },
    "nim-presto": {
      "commit": "3984431dc0fc829eb668e12e57e90542b041d298",
      "dir": "vendor/nim-presto",
      "url": "https://github.com/status-im/nim-presto"
    },
    "nim-protobuf-serialization": {
      "commit": "28214b3e40c755a9886d2ec8f261ec48fbb6bec6",
      "dir": "vendor/nim-protobuf-serialization",
      "url": "https://github.com/status-im/nim-protobuf-serialization"
    },
    "nim-secp256k1": {
      "commit": "5340cf188168d6afcafc8023770d880f067c0b2f",
      "dir": "vendor/nim-secp256k1",
      "url": "https://github.com/status-im/nim-secp256k1"
    },
    "nim-serialization": {
      "commit": "493d18b8292fc03aa4f835fd825dea1183f97466",
      "dir": "vendor/nim-serialization",
      "url": "https://github.com/status-im/nim-serialization"
    },
    "nim-sqlite3-abi": {
      "commit": "fda455cfea2df707dde052034411ce63de218453",
      "dir": "vendor/nim-sqlite3-abi",
      "url": "https://github.com/arnetheduck/nim-sqlite3-abi"
    },
    "nim-stew": {
      "commit": "e18f5a62af2ade7a1fd1d39635d4e04d944def08",
      "dir": "vendor/nim-stew",
      "url": "https://github.com/status-im/nim-stew"
    },
    "nim-taskpools": {
      "commit": "b3673c7a7a959ccacb393bd9b47e997bbd177f5a",
      "dir": "vendor/nim-taskpools",
      "url": "https://github.com/status-im/nim-taskpools"
    },
    "nim-testutils": {
      "commit": "b56a5953e37fc5117bd6ea6dfa18418c5e112815",
      "dir": "vendor/nim-testutils",
      "url": "https://github.com/status-im/nim-testutils"
    },
    "nim-toml-serialization": {
      "commit": "86d477136f105f04bfd0dd7c0e939593d81fc581",
      "dir": "vendor/nim-toml-serialization",
      "url": "https://github.com/status-im/nim-toml-serialization"
    },
    "nim-unittest2": {
      "commit": "02c49b8a994dd3f9eddfaab45262f9b8fa507f8e",
      "dir": "vendor/nim-unittest2",
      "url": "https://github.com/status-im/nim-unittest2"
    },
    "nim-websock": {
      "commit": "7b2ed397d6e4c37ea4df08ae82aeac7ff04cd180",
      "dir": "vendor/nim-websock",
      "url": "https://github.com/status-im/nim-websock"
    },
    "nim-zlib": {
      "commit": "74cdeb54b21bededb5a515d36f608bc1850555a2",
      "dir": "vendor/nim-zlib",
      "url": "https://github.com/status-im/nim-zlib"
    },
    "nimcrypto": {
      "commit": "a5742a9a214ac33f91615f3862c7b099aec43b00",
      "dir": "vendor/nimcrypto",
      "url": "https://github.com/cheatfate/nimcrypto"
    },
    "npeg": {
      "commit": "b15a10e388b91b898c581dbbcb6a718d46b27d2f",
      "dir": "vendor/npeg",
      "url": "https://github.com/zevv/npeg"
    },
    "questionable": {
      "commit": "30e4184a99c8c1ba329925912d2c5d4b09acf8cc",
      "dir": "vendor/questionable",
      "url": "https://github.com/status-im/questionable"
    },
    "stint": {
      "commit": "036c71d06a6b22f8f967ba9d54afd2189c3872ca",
      "dir": "vendor/stint",
      "url": "https://github.com/status-im/stint"
    },
    "upraises": {
      "commit": "ff4f8108e44fba9b35cac535ab63d3927e8fd3c2",
      "dir": "vendor/upraises",
      "url": "https://github.com/markspanbroek/upraises"
    }
  },
  "nimVersion": "1.6.14",
  "nimbleFile": {
    "content": "mode = ScriptMode.Verbose\n\nversion = \"0.1.0\"\nauthor = \"Codex Team\"\ndescription = \"p2p data durability engine\"\nlicense = \"MIT\"\nbinDir = \"build\"\nsrcDir = \".\"\n\nrequires \"nim >= 1.2.0\"\nrequires \"asynctest >= 0.3.2 & < 0.4.0\"\nrequires \"bearssl >= 0.1.4\"\nrequires \"chronicles >= 0.7.2\"\nrequires \"chronos >= 2.5.2\"\nrequires \"confutils\"\nrequires \"ethers >= 0.5.0 & < 0.6.0\"\nrequires \"libbacktrace\"\nrequires \"libp2p\"\nrequires \"metrics\"\nrequires \"nimcrypto >= 0.4.1\"\nrequires \"nitro >= 0.5.1 & < 0.6.0\"\nrequires \"presto\"\nrequires \"protobuf_serialization >= 0.2.0 & < 0.3.0\"\nrequires \"questionable >= 0.10.6 & < 0.11.0\"\nrequires \"secp256k1\"\nrequires \"stew\"\nrequires \"upraises >= 0.1.0 & < 0.2.0\"\nrequires \"toml_serialization\"\nrequires \"https://github.com/status-im/lrucache.nim#1.2.2\"\nrequires \"leopard >= 0.1.0 & < 0.2.0\"\nrequires \"blscurve\"\nrequires \"libp2pdht\"\nrequires \"eth\"\n\nwhen declared(namedBin):\n  namedBin = {\n    \"codex/codex\": \"codex\"\n  }.toTable()\n\n### Helper functions\nproc buildBinary(name: string, srcDir = \"./\", params = \"\", lang = \"c\") =\n  if not dirExists \"build\":\n    mkDir \"build\"\n  # allow something like \"nim nimbus --verbosity:0 --hints:off nimbus.nims\"\n  var extra_params = params\n  when compiles(commandLineParams):\n    for param in commandLineParams:\n      extra_params &= \" \" & param\n  else:\n    for i in 2..<paramCount():\n      extra_params &= \" \" & paramStr(i)\n\n  exec \"nim \" & lang & \" --out:build/\" & name & \" \" & extra_params & \" \" & srcDir & name & \".nim\"\n\nproc test(name: string, srcDir = \"tests/\", params = \"\", lang = \"c\") =\n  buildBinary name, srcDir, params\n  exec \"build/\" & name\n\ntask codex, \"build codex binary\":\n  buildBinary \"codex\", params = \"-d:chronicles_runtime_filtering -d:chronicles_log_level=TRACE\"\n\ntask testCodex, \"Build & run Codex tests\":\n  test \"testCodex\", params = \"-d:codex_enable_proof_failures=true\"\n\ntask testContracts, \"Build & run Codex Contract tests\":\n  test \"testContracts\"\n\ntask testIntegration, \"Run integration tests\":\n  buildBinary \"codex\", params = \"-d:chronicles_runtime_filtering -d:chronicles_log_level=TRACE -d:codex_enable_proof_failures=true\"\n  test \"testIntegration\"\n\ntask test, \"Run tests\":\n  testCodexTask()\n\ntask testAll, \"Run all tests\":\n  testCodexTask()\n  testContractsTask()\n  testIntegrationTask()\n",
    "filename": "nim-codex.nimble"
  },
  "nimcfg": "############# begin Atlas config section ##########\n--noNimblePath\n--path:\"vendor/asynctest\"\n--path:\"vendor/nim-bearssl\"\n--path:\"vendor/nim-chronicles\"\n--path:\"vendor/nim-chronos\"\n--path:\"vendor/nim-confutils\"\n--path:\"vendor/nim-ethers\"\n--path:\"vendor/nim-libbacktrace\"\n--path:\"vendor/nim-libp2p\"\n--path:\"vendor/nim-metrics\"\n--path:\"vendor/nimcrypto\"\n--path:\"vendor/nim-nitro\"\n--path:\"vendor/nim-presto\"\n--path:\"vendor/nim-protobuf-serialization\"\n--path:\"vendor/questionable\"\n--path:\"vendor/nim-secp256k1\"\n--path:\"vendor/nim-stew\"\n--path:\"vendor/upraises\"\n--path:\"vendor/nim-toml-serialization\"\n--path:\"vendor/lrucache.nim/src\"\n--path:\"vendor/nim-leopard\"\n--path:\"vendor/nim-blscurve\"\n--path:\"vendor/nim-libp2p-dht\"\n--path:\"vendor/nim-eth\"\n--path:\"vendor/nim-unittest2\"\n--path:\"vendor/nim-testutils\"\n--path:\"vendor/nim-json-serialization\"\n--path:\"vendor/nim-http-utils\"\n--path:\"vendor/nim-serialization\"\n--path:\"vendor/nim-contract-abi\"\n--path:\"vendor/nim-json-rpc\"\n--path:\"vendor/stint\"\n--path:\"vendor/dnsclient.nim/src\"\n--path:\"vendor/nim-websock\"\n--path:\"vendor/nim-faststreams\"\n--path:\"vendor/npeg/src\"\n--path:\"vendor/nim-taskpools\"\n--path:\"vendor/nim-datastore\"\n--path:\"vendor/nim-nat-traversal\"\n--path:\"vendor/nim-sqlite3-abi\"\n--path:\"vendor/nim-zlib\"\n############# end Atlas config section   ##########\n"
}
