{
  "nodes": {
    "circom-compat": {
      "inputs": {
        "nixpkgs": [
          "nixpkgs"
        ]
      },
      "locked": {
        "lastModified": 1736521871,
        "narHash": "sha256-d34XNLg9NGPEOARHW+BIOAWalkHdEUAwsv3mpLZQxds=",
        "owner": "codex-storage",
        "repo": "circom-compat-ffi",
        "rev": "8cd4ed44fdafe59d4ec1184420639cae4c4dbab9",
        "type": "github"
      },
      "original": {
        "owner": "codex-storage",
        "repo": "circom-compat-ffi",
        "type": "github"
      }
    },
    "nixpkgs": {
      "locked": {
        "lastModified": 1740603184,
        "narHash": "sha256-t+VaahjQAWyA+Ctn2idyo1yxRIYpaDxMgHkgCNiMJa4=",
        "owner": "NixOS",
        "repo": "nixpkgs",
        "rev": "f44bd8ca21e026135061a0a57dcf3d0775b67a49",
        "type": "github"
      },
      "original": {
        "owner": "NixOS",
        "repo": "nixpkgs",
        "rev": "f44bd8ca21e026135061a0a57dcf3d0775b67a49",
        "type": "github"
      }
    },
    "root": {
      "inputs": {
        "circom-compat": "circom-compat",
        "nixpkgs": "nixpkgs"
      }
    }
  },
  "root": "root",
  "version": 7
}
