{
  "nodes": {
    "circom-compat": {
      "inputs": {
        "nixpkgs": [
          "nixpkgs"
        ]
      },
      "locked": {
        "lastModified": 1736348751,
        "narHash": "sha256-d34XNLg9NGPEOARHW+BIOAWalkHdEUAwsv3mpLZQxds=",
        "owner": "codex-storage",
        "repo": "circom-compat-ffi",
        "rev": "afadf4d9a411ce0589f6b4c1858a9a5a4e7f4661",
        "type": "github"
      },
      "original": {
        "owner": "codex-storage",
        "repo": "circom-compat-ffi",
        "rev": "afadf4d9a411ce0589f6b4c1858a9a5a4e7f4661",
        "type": "github"
      }
    },
    "nixpkgs": {
      "locked": {
        "lastModified": 1736200483,
        "narHash": "sha256-JO+lFN2HsCwSLMUWXHeOad6QUxOuwe9UOAF/iSl1J4I=",
        "owner": "NixOS",
        "repo": "nixpkgs",
        "rev": "3f0a8ac25fb674611b98089ca3a5dd6480175751",
        "type": "github"
      },
      "original": {
        "owner": "NixOS",
        "ref": "nixos-24.11",
        "repo": "nixpkgs",
        "type": "github"
      }
    },
    "root": {
      "inputs": {
        "circom-compat": "circom-compat",
        "nixpkgs": "nixpkgs"
      }
    }
  },
  "root": "root",
  "version": 7
}
